{
  "version": 4,
  "terraform_version": "1.14.5",
  "serial": 31,
  "lineage": "8cdf923a-291e-cbc4-40b2-799a7153eced",
  "outputs": {},
  "resources": [
    {
      "module": "module.network_lab",
      "mode": "managed",
      "type": "azurerm_resource_group",
      "name": "this",
      "provider": "provider[\"registry.terraform.io/hashicorp/azurerm\"]",
      "instances": [
        {
          "schema_version": 0,
          "attributes": {
            "id": "/subscriptions/172f18aa-9a05-4267-834e-5f14c13a5973/resourceGroups/rg-network-lab",
            "location": "canadacentral",
            "managed_by": "",
            "name": "rg-network-lab",
            "tags": null,
            "timeouts": null
          },
          "sensitive_attributes": [],
          "identity_schema_version": 0,
          "private": "eyJlMmJmYjczMC1lY2FhLTExZTYtOGY4OC0zNDM2M2JjN2M0YzAiOnsiY3JlYXRlIjo1NDAwMDAwMDAwMDAwLCJkZWxldGUiOjU0MDAwMDAwMDAwMDAsInJlYWQiOjMwMDAwMDAwMDAwMCwidXBkYXRlIjo1NDAwMDAwMDAwMDAwfX0="
        }
      ]
    },
    {
      "module": "module.peering",
      "mode": "managed",
      "type": "azurerm_virtual_network_peering",
      "name": "db_to_web",
      "provider": "provider[\"registry.terraform.io/hashicorp/azurerm\"]",
      "instances": [
        {
          "schema_version": 0,
          "attributes": {
            "allow_forwarded_traffic": false,
            "allow_gateway_transit": false,
            "allow_virtual_network_access": true,
            "id": "/subscriptions/172f18aa-9a05-4267-834e-5f14c13a5973/resourceGroups/rg-network-lab/providers/Microsoft.Network/virtualNetworks/vnet-db/virtualNetworkPeerings/db-to-web",
            "local_subnet_names": null,
            "name": "db-to-web",
            "only_ipv6_peering_enabled": false,
            "peer_complete_virtual_networks_enabled": true,
            "remote_subnet_names": null,
            "remote_virtual_network_id": "/subscriptions/172f18aa-9a05-4267-834e-5f14c13a5973/resourceGroups/rg-network-lab/providers/Microsoft.Network/virtualNetworks/vnet-web",
            "resource_group_name": "rg-network-lab",
            "timeouts": null,
            "triggers": null,
            "use_remote_gateways": false,
            "virtual_network_name": "vnet-db"
          },
          "sensitive_attributes": [],
          "identity_schema_version": 0,
          "private": "eyJlMmJmYjczMC1lY2FhLTExZTYtOGY4OC0zNDM2M2JjN2M0YzAiOnsiY3JlYXRlIjoxODAwMDAwMDAwMDAwLCJkZWxldGUiOjE4MDAwMDAwMDAwMDAsInJlYWQiOjMwMDAwMDAwMDAwMCwidXBkYXRlIjoxODAwMDAwMDAwMDAwfX0=",
          "dependencies": [
            "module.network_lab.azurerm_resource_group.this",
            "module.vnet_db.azurerm_virtual_network.vnet_db",
            "module.vnet_web.azurerm_virtual_network.vnet_web"
          ]
        }
      ]
    },
    {
      "module": "module.peering",
      "mode": "managed",
      "type": "azurerm_virtual_network_peering",
      "name": "web_to_db",
      "provider": "provider[\"registry.terraform.io/hashicorp/azurerm\"]",
      "instances": [
        {
          "schema_version": 0,
          "attributes": {
            "allow_forwarded_traffic": false,
            "allow_gateway_transit": false,
            "allow_virtual_network_access": true,
            "id": "/subscriptions/172f18aa-9a05-4267-834e-5f14c13a5973/resourceGroups/rg-network-lab/providers/Microsoft.Network/virtualNetworks/vnet-web/virtualNetworkPeerings/web-to-db",
            "local_subnet_names": null,
            "name": "web-to-db",
            "only_ipv6_peering_enabled": false,
            "peer_complete_virtual_networks_enabled": true,
            "remote_subnet_names": null,
            "remote_virtual_network_id": "/subscriptions/172f18aa-9a05-4267-834e-5f14c13a5973/resourceGroups/rg-network-lab/providers/Microsoft.Network/virtualNetworks/vnet-db",
            "resource_group_name": "rg-network-lab",
            "timeouts": null,
            "triggers": null,
            "use_remote_gateways": false,
            "virtual_network_name": "vnet-web"
          },
          "sensitive_attributes": [],
          "identity_schema_version": 0,
          "private": "eyJlMmJmYjczMC1lY2FhLTExZTYtOGY4OC0zNDM2M2JjN2M0YzAiOnsiY3JlYXRlIjoxODAwMDAwMDAwMDAwLCJkZWxldGUiOjE4MDAwMDAwMDAwMDAsInJlYWQiOjMwMDAwMDAwMDAwMCwidXBkYXRlIjoxODAwMDAwMDAwMDAwfX0=",
          "dependencies": [
            "module.network_lab.azurerm_resource_group.this",
            "module.vnet_db.azurerm_virtual_network.vnet_db",
            "module.vnet_web.azurerm_virtual_network.vnet_web"
          ]
        }
      ]
    },
    {
      "module": "module.vnet_db",
      "mode": "managed",
      "type": "azurerm_subnet",
      "name": "db_subnet",
      "provider": "provider[\"registry.terraform.io/hashicorp/azurerm\"]",
      "instances": [
        {
          "schema_version": 0,
          "attributes": {
            "address_prefixes": [
              "10.2.1.0/24"
            ],
            "default_outbound_access_enabled": true,
            "delegation": [],
            "enforce_private_link_endpoint_network_policies": false,
            "enforce_private_link_service_network_policies": false,
            "id": "/subscriptions/172f18aa-9a05-4267-834e-5f14c13a5973/resourceGroups/rg-network-lab/providers/Microsoft.Network/virtualNetworks/vnet-db/subnets/db-subnet",
            "name": "db-subnet",
            "private_endpoint_network_policies": "Enabled",
            "private_endpoint_network_policies_enabled": true,
            "private_link_service_network_policies_enabled": true,
            "resource_group_name": "rg-network-lab",
            "service_endpoint_policy_ids": null,
            "service_endpoints": null,
            "timeouts": null,
            "virtual_network_name": "vnet-db"
          },
          "sensitive_attributes": [],
          "identity_schema_version": 0,
          "private": "eyJlMmJmYjczMC1lY2FhLTExZTYtOGY4OC0zNDM2M2JjN2M0YzAiOnsiY3JlYXRlIjoxODAwMDAwMDAwMDAwLCJkZWxldGUiOjE4MDAwMDAwMDAwMDAsInJlYWQiOjMwMDAwMDAwMDAwMCwidXBkYXRlIjoxODAwMDAwMDAwMDAwfX0=",
          "dependencies": [
            "module.network_lab.azurerm_resource_group.this",
            "module.vnet_db.azurerm_virtual_network.vnet_db"
          ]
        }
      ]
    },
    {
      "module": "module.vnet_db",
      "mode": "managed",
      "type": "azurerm_virtual_network",
      "name": "vnet_db",
      "provider": "provider[\"registry.terraform.io/hashicorp/azurerm\"]",
      "instances": [
        {
          "schema_version": 0,
          "attributes": {
            "address_space": [
              "10.2.0.0/16"
            ],
            "bgp_community": "",
            "ddos_protection_plan": [],
            "dns_servers": [],
            "edge_zone": "",
            "encryption": [],
            "flow_timeout_in_minutes": 0,
            "guid": "537bb6c6-1fa0-45ec-a811-00ecbe4fcf67",
            "id": "/subscriptions/172f18aa-9a05-4267-834e-5f14c13a5973/resourceGroups/rg-network-lab/providers/Microsoft.Network/virtualNetworks/vnet-db",
            "location": "canadacentral",
            "name": "vnet-db",
            "resource_group_name": "rg-network-lab",
            "subnet": [],
            "tags": null,
            "timeouts": null
          },
          "sensitive_attributes": [],
          "identity_schema_version": 0,
          "private": "eyJlMmJmYjczMC1lY2FhLTExZTYtOGY4OC0zNDM2M2JjN2M0YzAiOnsiY3JlYXRlIjoxODAwMDAwMDAwMDAwLCJkZWxldGUiOjE4MDAwMDAwMDAwMDAsInJlYWQiOjMwMDAwMDAwMDAwMCwidXBkYXRlIjoxODAwMDAwMDAwMDAwfX0=",
          "dependencies": [
            "module.network_lab.azurerm_resource_group.this"
          ]
        }
      ]
    },
    {
      "module": "module.vnet_web",
      "mode": "managed",
      "type": "azurerm_subnet",
      "name": "web_subnet",
      "provider": "provider[\"registry.terraform.io/hashicorp/azurerm\"]",
      "instances": [
        {
          "schema_version": 0,
          "attributes": {
            "address_prefixes": [
              "10.1.1.0/24"
            ],
            "default_outbound_access_enabled": true,
            "delegation": [],
            "enforce_private_link_endpoint_network_policies": false,
            "enforce_private_link_service_network_policies": false,
            "id": "/subscriptions/172f18aa-9a05-4267-834e-5f14c13a5973/resourceGroups/rg-network-lab/providers/Microsoft.Network/virtualNetworks/vnet-web/subnets/web-subnet",
            "name": "web-subnet",
            "private_endpoint_network_policies": "Enabled",
            "private_endpoint_network_policies_enabled": true,
            "private_link_service_network_policies_enabled": true,
            "resource_group_name": "rg-network-lab",
            "service_endpoint_policy_ids": null,
            "service_endpoints": null,
            "timeouts": null,
            "virtual_network_name": "vnet-web"
          },
          "sensitive_attributes": [],
          "identity_schema_version": 0,
          "private": "eyJlMmJmYjczMC1lY2FhLTExZTYtOGY4OC0zNDM2M2JjN2M0YzAiOnsiY3JlYXRlIjoxODAwMDAwMDAwMDAwLCJkZWxldGUiOjE4MDAwMDAwMDAwMDAsInJlYWQiOjMwMDAwMDAwMDAwMCwidXBkYXRlIjoxODAwMDAwMDAwMDAwfX0=",
          "dependencies": [
            "module.network_lab.azurerm_resource_group.this",
            "module.vnet_web.azurerm_virtual_network.vnet_web"
          ]
        }
      ]
    },
    {
      "module": "module.vnet_web",
      "mode": "managed",
      "type": "azurerm_virtual_network",
      "name": "vnet_web",
      "provider": "provider[\"registry.terraform.io/hashicorp/azurerm\"]",
      "instances": [
        {
          "schema_version": 0,
          "attributes": {
            "address_space": [
              "10.1.0.0/16"
            ],
            "bgp_community": "",
            "ddos_protection_plan": [],
            "dns_servers": [],
            "edge_zone": "",
            "encryption": [],
            "flow_timeout_in_minutes": 0,
            "guid": "bf53634e-5e38-428d-bc6a-ccc5a63f7704",
            "id": "/subscriptions/172f18aa-9a05-4267-834e-5f14c13a5973/resourceGroups/rg-network-lab/providers/Microsoft.Network/virtualNetworks/vnet-web",
            "location": "canadacentral",
            "name": "vnet-web",
            "resource_group_name": "rg-network-lab",
            "subnet": [],
            "tags": null,
            "timeouts": null
          },
          "sensitive_attributes": [],
          "identity_schema_version": 0,
          "private": "eyJlMmJmYjczMC1lY2FhLTExZTYtOGY4OC0zNDM2M2JjN2M0YzAiOnsiY3JlYXRlIjoxODAwMDAwMDAwMDAwLCJkZWxldGUiOjE4MDAwMDAwMDAwMDAsInJlYWQiOjMwMDAwMDAwMDAwMCwidXBkYXRlIjoxODAwMDAwMDAwMDAwfX0=",
          "dependencies": [
            "module.network_lab.azurerm_resource_group.this"
          ]
        }
      ]
    }
  ],
  "check_results": null
}
